
Microsoft Visual Studio Solution File, Format Version 12.00
# Visual Studio 15
VisualStudioVersion = 15.0.26430.12
MinimumVisualStudioVersion = 10.0.40219.1
Project("{FAE04EC0-301F-11D3-BF4B-00C04F79EFBC}") = "NeoFalconSkill", "NeoFalconSkill\NeoFalconSkill.csproj", "{6E4D7A89-68BA-4DAB-B2DF-67003F270DF5}"
EndProject
Global
	GlobalSection(SolutionConfigurationPlatforms) = preSolution
		Debug|Any CPU = Debug|Any CPU
		Release|Any CPU = Release|Any CPU
	EndGlobalSection
	GlobalSection(ProjectConfigurationPlatforms) = postSolution
		{6E4D7A89-68BA-4DAB-B2DF-67003F270DF5}.Debug|Any CPU.ActiveCfg = Debug|Any CPU
		{6E4D7A89-68BA-4DAB-B2DF-67003F270DF5}.Debug|Any CPU.Build.0 = Debug|Any CPU
		{6E4D7A89-68BA-4DAB-B2DF-67003F270DF5}.Release|Any CPU.ActiveCfg = Release|Any CPU
		{6E4D7A89-68BA-4DAB-B2DF-67003F270DF5}.Release|Any CPU.Build.0 = Release|Any CPU
	EndGlobalSection
	GlobalSection(SolutionProperties) = preSolution
		HideSolutionNode = FALSE
	EndGlobalSection
	GlobalSection(ExtensibilityGlobals) = postSolution
		EnterpriseLibraryConfigurationToolBinariesPathV6 = packages\EnterpriseLibrary.TransientFaultHandling.6.0.1304.0\lib\portable-net45+win+wp8
	EndGlobalSection
EndGlobal
